
Microsoft Visual Studio Solution File, Format Version 12.00
Project("{FAE04EC0-301F-11D3-BF4B-00C04F79EFBC}") = "TreeParsing", "TreeParsing\TreeParsing.csproj", "{74719FEA-2648-4017-B964-6BBC9F9E185F}"
EndProject
Project("{FAE04EC0-301F-11D3-BF4B-00C04F79EFBC}") = "TreeParsing.Test", "TreeParsing.Test\TreeParsing.Test.csproj", "{DE5DF0AD-CF46-4696-9A46-BF5F6E0B8F54}"
EndProject
Global
	GlobalSection(SolutionConfigurationPlatforms) = preSolution
		Debug|Any CPU = Debug|Any CPU
		Release|Any CPU = Release|Any CPU
	EndGlobalSection
	GlobalSection(ProjectConfigurationPlatforms) = postSolution
		{74719FEA-2648-4017-B964-6BBC9F9E185F}.Debug|Any CPU.ActiveCfg = Debug|Any CPU
		{74719FEA-2648-4017-B964-6BBC9F9E185F}.Debug|Any CPU.Build.0 = Debug|Any CPU
		{74719FEA-2648-4017-B964-6BBC9F9E185F}.Release|Any CPU.ActiveCfg = Release|Any CPU
		{74719FEA-2648-4017-B964-6BBC9F9E185F}.Release|Any CPU.Build.0 = Release|Any CPU
		{DE5DF0AD-CF46-4696-9A46-BF5F6E0B8F54}.Debug|Any CPU.ActiveCfg = Debug|Any CPU
		{DE5DF0AD-CF46-4696-9A46-BF5F6E0B8F54}.Debug|Any CPU.Build.0 = Debug|Any CPU
		{DE5DF0AD-CF46-4696-9A46-BF5F6E0B8F54}.Release|Any CPU.ActiveCfg = Release|Any CPU
		{DE5DF0AD-CF46-4696-9A46-BF5F6E0B8F54}.Release|Any CPU.Build.0 = Release|Any CPU
	EndGlobalSection
EndGlobal
